// !$*UTF8*$!
{
	archiveVersion = 1;
	classes = {
	};
	objectVersion = 46;
	objects = {

/* Begin PBXBuildFile section */
		3D026B661E8048310049A984 /* AppDelegate.swift in Sources */ = {isa = PBXBuildFile; fileRef = 3D026B651E8048310049A984 /* AppDelegate.swift */; };
		3D026B681E8048310049A984 /* ViewController.swift in Sources */ = {isa = PBXBuildFile; fileRef = 3D026B671E8048310049A984 /* ViewController.swift */; };
		3D026B6B1E8048310049A984 /* Main.storyboard in Resources */ = {isa = PBXBuildFile; fileRef = 3D026B691E8048310049A984 /* Main.storyboard */; };
		3D026B6D1E8048310049A984 /* Assets.xcassets in Resources */ = {isa = PBXBuildFile; fileRef = 3D026B6C1E8048310049A984 /* Assets.xcassets */; };
		3D026B701E8048310049A984 /* LaunchScreen.storyboard in Resources */ = {isa = PBXBuildFile; fileRef = 3D026B6E1E8048310049A984 /* LaunchScreen.storyboard */; };
/* End PBXBuildFile section */

/* Begin PBXFileReference section */
		3D026B621E8048310049A984 /* WhaleAppWilliam.app */ = {isa = PBXFileReference; explicitFileType = wrapper.application; includeInIndex = 0; path = WhaleAppWilliam.app; sourceTree = BUILT_PRODUCTS_DIR; };
		3D026B651E8048310049A984 /* AppDelegate.swift */ = {isa = PBXFileReference; lastKnownFileType = sourcecode.swift; path = AppDelegate.swift; sourceTree = "<group>"; };
		3D026B671E8048310049A984 /* ViewController.swift */ = {isa = PBXFileReference; lastKnownFileType = sourcecode.swift; path = ViewController.swift; sourceTree = "<group>"; };
		3D026B6A1E8048310049A984 /* Base */ = {isa = PBXFileReference; lastKnownFileType = file.storyboard; name = Base; path = Base.lproj/Main.storyboard; sourceTree = "<group>"; };
		3D026B6C1E8048310049A984 /* Assets.xcassets */ = {isa = PBXFileReference; lastKnownFileType = folder.assetcatalog; path = Assets.xcassets; sourceTree = "<group>"; };
		3D026B6F1E8048310049A984 /* Base */ = {isa = PBXFileReference; lastKnownFileType = file.storyboard; name = Base; path = Base.lproj/LaunchScreen.storyboard; sourceTree = "<group>"; };
		3D026B711E8048310049A984 /* Info.plist */ = {isa = PBXFileReference; lastKnownFileType = text.plist.xml; path = Info.plist; sourceTree = "<group>"; };
/* End PBXFileReference section */

/* Begin PBXFrameworksBuildPhase section */
		3D026B5F1E8048310049A984 /* Frameworks */ = {
			isa = PBXFrameworksBuildPhase;
			buildActionMask = 2147483647;
			files = (
			);
			runOnlyForDeploymentPostprocessing = 0;
		};
/* End PBXFrameworksBuildPhase section */

/* Begin PBXGroup section */
		3D026B591E8048310049A984 = {
			isa = PBXGroup;
			children = (
				3D026B641E8048310049A984 /* WhaleAppWilliam */,
				3D026B631E8048310049A984 /* Products */,
			);
			sourceTree = "<group>";
		};
		3D026B631E8048310049A984 /* Products */ = {
			isa = PBXGroup;
			children = (
				3D026B621E8048310049A984 /* WhaleAppWilliam.app */,
			);
			name = Products;
			sourceTree = "<group>";
		};
		3D026B641E8048310049A984 /* WhaleAppWilliam */ = {
			isa = PBXGroup;
			children = (
				3D026B651E8048310049A984 /* AppDelegate.swift */,
				3D026B671E8048310049A984 /* ViewController.swift */,
				3D026B691E8048310049A984 /* Main.storyboard */,
				3D026B6C1E8048310049A984 /* Assets.xcassets */,
				3D026B6E1E8048310049A984 /* LaunchScreen.storyboard */,
				3D026B711E8048310049A984 /* Info.plist */,
			);
			path = WhaleAppWilliam;
			sourceTree = "<group>";
		};
/* End PBXGroup section */

/* Begin PBXNativeTarget section */
		3D026B611E8048310049A984 /* WhaleAppWilliam */ = {
			isa = PBXNativeTarget;
			buildConfigurationList = 3D026B741E8048310049A984 /* Build configuration list for PBXNativeTarget "WhaleAppWilliam" */;
			buildPhases = (
				3D026B5E1E8048310049A984 /* Sources */,
				3D026B5F1E8048310049A984 /* Frameworks */,
				3D026B601E8048310049A984 /* Resources */,
			);
			buildRules = (
			);
			dependencies = (
			);
			name = WhaleAppWilliam;
			productName = WhaleAppWilliam;
			productReference = 3D026B621E8048310049A984 /* WhaleAppWilliam.app */;
			productType = "com.apple.product-type.application";
		};
/* End PBXNativeTarget section */

/* Begin PBXProject section */
		3D026B5A1E8048310049A984 /* Project object */ = {
			isa = PBXProject;
			attributes = {
				LastSwiftUpdateCheck = 0820;
				LastUpgradeCheck = 0820;
				ORGANIZATIONNAME = "William Wold";
				TargetAttributes = {
					3D026B611E8048310049A984 = {
						CreatedOnToolsVersion = 8.2.1;
						DevelopmentTeam = 8P5Z44W5Q8;
						ProvisioningStyle = Automatic;
					};
				};
			};
			buildConfigurationList = 3D026B5D1E8048310049A984 /* Build configuration list for PBXProject "WhaleAppWilliam" */;
			compatibilityVersion = "Xcode 3.2";
			developmentRegion = English;
			hasScannedForEncodings = 0;
			knownRegions = (
				en,
				Base,
			);
			mainGroup = 3D026B591E8048310049A984;
			productRefGroup = 3D026B631E8048310049A984 /* Products */;
			projectDirPath = "";
			projectRoot = "";
			targets = (
				3D026B611E8048310049A984 /* WhaleAppWilliam */,
			);
		};
/* End PBXProject section */

/* Begin PBXResourcesBuildPhase section */
		3D026B601E8048310049A984 /* Resources */ = {
			isa = PBXResourcesBuildPhase;
			buildActionMask = 2147483647;
			files = (
				3D026B701E8048310049A984 /* LaunchScreen.storyboard in Resources */,
				3D026B6D1E8048310049A984 /* Assets.xcassets in Resources */,
				3D026B6B1E8048310049A984 /* Main.storyboard in Resources */,
			);
			runOnlyForDeploymentPostprocessing = 0;
		};
/* End PBXResourcesBuildPhase section */

/* Begin PBXSourcesBuildPhase section */
		3D026B5E1E8048310049A984 /* Sources */ = {
			isa = PBXSourcesBuildPhase;
			buildActionMask = 2147483647;
			files = (
				3D026B681E8048310049A984 /* ViewController.swift in Sources */,
				3D026B661E8048310049A984 /* AppDelegate.swift in Sources */,
			);
			runOnlyForDeploymentPostprocessing = 0;
		};
/* End PBXSourcesBuildPhase section */

/* Begin PBXVariantGroup section */
		3D026B691E8048310049A984 /* Main.storyboard */ = {
			isa = PBXVariantGroup;
			children = (
				3D026B6A1E8048310049A984 /* Base */,
			);
			name = Main.storyboard;
			sourceTree = "<group>";
		};
		3D026B6E1E8048310049A984 /* LaunchScreen.storyboard */ = {
			isa = PBXVariantGroup;
			children = (
				3D026B6F1E8048310049A984 /* Base */,
			);
			name = LaunchScreen.storyboard;
			sourceTree = "<group>";
		};
/* End PBXVariantGroup section */

/* Begin XCBuildConfiguration section */
		3D026B721E8048310049A984 /* Debug */ = {
			isa = XCBuildConfiguration;
			buildSettings = {
				ALWAYS_SEARCH_USER_PATHS = NO;
				CLANG_ANALYZER_NONNULL = YES;
				CLANG_CXX_LANGUAGE_STANDARD = "gnu++0x";
				CLANG_CXX_LIBRARY = "libc++";
				CLANG_ENABLE_MODULES = YES;
				CLANG_ENABLE_OBJC_ARC = YES;
				CLANG_WARN_BOOL_CONVERSION = YES;
				CLANG_WARN_CONSTANT_CONVERSION = YES;
				CLANG_WARN_DIRECT_OBJC_ISA_USAGE = YES_ERROR;
				CLANG_WARN_DOCUMENTATION_COMMENTS = YES;
				CLANG_WARN_EMPTY_BODY = YES;
				CLANG_WARN_ENUM_CONVERSION = YES;
				CLANG_WARN_INFINITE_RECURSION = YES;
				CLANG_WARN_INT_CONVERSION = YES;
				CLANG_WARN_OBJC_ROOT_CLASS = YES_ERROR;
				CLANG_WARN_SUSPICIOUS_MOVE = YES;
				CLANG_WARN_UNREACHABLE_CODE = YES;
				CLANG_WARN__DUPLICATE_METHOD_MATCH = YES;
				"CODE_SIGN_IDENTITY[sdk=iphoneos*]" = "iPhone Developer";
				COPY_PHASE_STRIP = NO;
				DEBUG_INFORMATION_FORMAT = dwarf;
				ENABLE_STRICT_OBJC_MSGSEND = YES;
				ENABLE_TESTABILITY = YES;
				GCC_C_LANGUAGE_STANDARD = gnu99;
				GCC_DYNAMIC_NO_PIC = NO;
				GCC_NO_COMMON_BLOCKS = YES;
				GCC_OPTIMIZATION_LEVEL = 0;
				GCC_PREPROCESSOR_DEFINITIONS = (
					"DEBUG=1",
					"$(inherited)",
				);
				GCC_WARN_64_TO_32_BIT_CONVERSION = YES;
				GCC_WARN_ABOUT_RETURN_TYPE = YES_ERROR;
				GCC_WARN_UNDECLARED_SELECTOR = YES;
				GCC_WARN_UNINITIALIZED_AUTOS = YES_AGGRESSIVE;
				GCC_WARN_UNUSED_FUNCTION = YES;
				GCC_WARN_UNUSED_VARIABLE = YES;
				IPHONEOS_DEPLOYMENT_TARGET = 10.2;
				MTL_ENABLE_DEBUG_INFO = YES;
				ONLY_ACTIVE_ARCH = YES;
				SDKROOT = iphoneos;
				SWIFT_ACTIVE_COMPILATION_CONDITIONS = DEBUG;
				SWIFT_OPTIMIZATION_LEVEL = "-Onone";
				TARGETED_DEVICE_FAMILY = "1,2";
			};
			name = Debug;
		};
		3D026B731E8048310049A984 /* Release */ = {
			isa = XCBuildConfiguration;
			buildSettings = {
				ALWAYS_SEARCH_USER_PATHS = NO;
				CLANG_ANALYZER_NONNULL = YES;
				CLANG_CXX_LANGUAGE_STANDARD = "gnu++0x";
				CLANG_CXX_LIBRARY = "libc++";
				CLANG_ENABLE_MODULES = YES;
				CLANG_ENABLE_OBJC_ARC = YES;
				CLANG_WARN_BOOL_CONVERSION = YES;
				CLANG_WARN_CONSTANT_CONVERSION = YES;
				CLANG_WARN_DIRECT_OBJC_ISA_USAGE = YES_ERROR;
				CLANG_WARN_DOCUMENTATION_COMMENTS = YES;
				CLANG_WARN_EMPTY_BODY = YES;
				CLANG_WARN_ENUM_CONVERSION = YES;
				CLANG_WARN_INFINITE_RECURSION = YES;
				CLANG_WARN_INT_CONVERSION = YES;
				CLANG_WARN_OBJC_ROOT_CLASS = YES_ERROR;
				CLANG_WARN_SUSPICIOUS_MOVE = YES;
				CLANG_WARN_UNREACHABLE_CODE = YES;
				CLANG_WARN__DUPLICATE_METHOD_MATCH = YES;
				"CODE_SIGN_IDENTITY[sdk=iphoneos*]" = "iPhone Developer";
				COPY_PHASE_STRIP = NO;
				DEBUG_INFORMATION_FORMAT = "dwarf-with-dsym";
				ENABLE_NS_ASSERTIONS = NO;
				ENABLE_STRICT_OBJC_MSGSEND = YES;
				GCC_C_LANGUAGE_STANDARD = gnu99;
				GCC_NO_COMMON_BLOCKS = YES;
				GCC_WARN_64_TO_32_BIT_CONVERSION = YES;
				GCC_WARN_ABOUT_RETURN_TYPE = YES_ERROR;
				GCC_WARN_UNDECLARED_SELECTOR = YES;
				GCC_WARN_UNINITIALIZED_AUTOS = YES_AGGRESSIVE;
				GCC_WARN_UNUSED_FUNCTION = YES;
				GCC_WARN_UNUSED_VARIABLE = YES;
				IPHONEOS_DEPLOYMENT_TARGET = 10.2;
				MTL_ENABLE_DEBUG_INFO = NO;
				SDKROOT = iphoneos;
				SWIFT_OPTIMIZATION_LEVEL = "-Owholemodule";
				TARGETED_DEVICE_FAMILY = "1,2";
				VALIDATE_PRODUCT = YES;
			};
			name = Release;
		};
		3D026B751E8048310049A984 /* Debug */ = {
			isa = XCBuildConfiguration;
			buildSettings = {
				ASSETCATALOG_COMPILER_APPICON_NAME = AppIcon;
				DEVELOPMENT_TEAM = 8P5Z44W5Q8;
				INFOPLIST_FILE = WhaleAppWilliam/Info.plist;
				LD_RUNPATH_SEARCH_PATHS = "$(inherited) @executable_path/Frameworks";
				PRODUCT_BUNDLE_IDENTIFIER = net.widap.WhaleAppWilliam;
				PRODUCT_NAME = "$(TARGET_NAME)";
				SWIFT_VERSION = 3.0;
			};
			name = Debug;
		};
		3D026B761E8048310049A984 /* Release */ = {
			isa = XCBuildConfiguration;
			buildSettings = {
				ASSETCATALOG_COMPILER_APPICON_NAME = AppIcon;
				DEVELOPMENT_TEAM = 8P5Z44W5Q8;
				INFOPLIST_FILE = WhaleAppWilliam/Info.plist;
				LD_RUNPATH_SEARCH_PATHS = "$(inherited) @executable_path/Frameworks";
				PRODUCT_BUNDLE_IDENTIFIER = net.widap.WhaleAppWilliam;
				PRODUCT_NAME = "$(TARGET_NAME)";
				SWIFT_VERSION = 3.0;
			};
			name = Release;
		};
/* End XCBuildConfiguration section */

/* Begin XCConfigurationList section */
		3D026B5D1E8048310049A984 /* Build configuration list for PBXProject "WhaleAppWilliam" */ = {
			isa = XCConfigurationList;
			buildConfigurations = (
				3D026B721E8048310049A984 /* Debug */,
				3D026B731E8048310049A984 /* Release */,
			);
			defaultConfigurationIsVisible = 0;
			defaultConfigurationName = Release;
		};
		3D026B741E8048310049A984 /* Build configuration list for PBXNativeTarget "WhaleAppWilliam" */ = {
			isa = XCConfigurationList;
			buildConfigurations = (
				3D026B751E8048310049A984 /* Debug */,
				3D026B761E8048310049A984 /* Release */,
			);
			defaultConfigurationIsVisible = 0;
		};
/* End XCConfigurationList section */
	};
	rootObject = 3D026B5A1E8048310049A984 /* Project object */;
}
